
Microsoft Visual Studio Solution File, Format Version 12.00
# Visual Studio Version 17
VisualStudioVersion = 17.5.33627.172
MinimumVisualStudioVersion = 10.0.40219.1
Project("{9A19103F-16F7-4668-BE54-9A1E7A4F7556}") = "App.Web.Mvc", "App.Web.Mvc\App.Web.Mvc.csproj", "{D80FAB54-1F74-42E2-8EAF-613826382689}"
EndProject
Project("{9A19103F-16F7-4668-BE54-9A1E7A4F7556}") = "App.Persistence", "App.Persistence\App.Persistence.csproj", "{0D81C327-CF3A-49E5-A727-44F993317237}"
EndProject
Project("{FAE04EC0-301F-11D3-BF4B-00C04F79EFBC}") = "App.Business", "App.Business\App.Business.csproj", "{181E52BB-8A53-482B-ADF8-3E1B16AD37C8}"
EndProject
Global
	GlobalSection(SolutionConfigurationPlatforms) = preSolution
		Debug|Any CPU = Debug|Any CPU
		Release|Any CPU = Release|Any CPU
	EndGlobalSection
	GlobalSection(ProjectConfigurationPlatforms) = postSolution
		{D80FAB54-1F74-42E2-8EAF-613826382689}.Debug|Any CPU.ActiveCfg = Debug|Any CPU
		{D80FAB54-1F74-42E2-8EAF-613826382689}.Debug|Any CPU.Build.0 = Debug|Any CPU
		{D80FAB54-1F74-42E2-8EAF-613826382689}.Release|Any CPU.ActiveCfg = Release|Any CPU
		{D80FAB54-1F74-42E2-8EAF-613826382689}.Release|Any CPU.Build.0 = Release|Any CPU
		{0D81C327-CF3A-49E5-A727-44F993317237}.Debug|Any CPU.ActiveCfg = Debug|Any CPU
		{0D81C327-CF3A-49E5-A727-44F993317237}.Debug|Any CPU.Build.0 = Debug|Any CPU
		{0D81C327-CF3A-49E5-A727-44F993317237}.Release|Any CPU.ActiveCfg = Release|Any CPU
		{0D81C327-CF3A-49E5-A727-44F993317237}.Release|Any CPU.Build.0 = Release|Any CPU
		{181E52BB-8A53-482B-ADF8-3E1B16AD37C8}.Debug|Any CPU.ActiveCfg = Debug|Any CPU
		{181E52BB-8A53-482B-ADF8-3E1B16AD37C8}.Debug|Any CPU.Build.0 = Debug|Any CPU
		{181E52BB-8A53-482B-ADF8-3E1B16AD37C8}.Release|Any CPU.ActiveCfg = Release|Any CPU
		{181E52BB-8A53-482B-ADF8-3E1B16AD37C8}.Release|Any CPU.Build.0 = Release|Any CPU
	EndGlobalSection
	GlobalSection(SolutionProperties) = preSolution
		HideSolutionNode = FALSE
	EndGlobalSection
	GlobalSection(ExtensibilityGlobals) = postSolution
		SolutionGuid = {F651EEC7-F989-45D0-A31B-E652A320712F}
	EndGlobalSection
EndGlobal
